
Microsoft Visual Studio Solution File, Format Version 11.00
# Visual Studio 2010
Project("{FAE04EC0-301F-11D3-BF4B-00C04F79EFBC}") = "SuperSmtpServer", "Super-SMTP-Server\SuperSmtpServer.csproj", "{E52B7891-9140-41DB-9A67-928E63ACC4D9}"
EndProject
Project("{FAE04EC0-301F-11D3-BF4B-00C04F79EFBC}") = "SuperSmtpGui", "Super-Smtp-Gui\SuperSmtpGui.csproj", "{EC6478AA-6549-4CE3-BF4C-6044E40F6950}"
EndProject
Project("{2150E333-8FDC-42A3-9474-1A3956D46DE8}") = "Solution Items", "Solution Items", "{D22553EC-FD03-4CAF-9C17-05D8CA670FDA}"
	ProjectSection(SolutionItems) = preProject
		.gitignore = .gitignore
		README.md = README.md
	EndProjectSection
EndProject
Global
	GlobalSection(SolutionConfigurationPlatforms) = preSolution
		Debug|Any CPU = Debug|Any CPU
		Debug|Mixed Platforms = Debug|Mixed Platforms
		Debug|x86 = Debug|x86
		Release|Any CPU = Release|Any CPU
		Release|Mixed Platforms = Release|Mixed Platforms
		Release|x86 = Release|x86
	EndGlobalSection
	GlobalSection(ProjectConfigurationPlatforms) = postSolution
		{E52B7891-9140-41DB-9A67-928E63ACC4D9}.Debug|Any CPU.ActiveCfg = Debug|Any CPU
		{E52B7891-9140-41DB-9A67-928E63ACC4D9}.Debug|Any CPU.Build.0 = Debug|Any CPU
		{E52B7891-9140-41DB-9A67-928E63ACC4D9}.Debug|Mixed Platforms.ActiveCfg = Debug|Any CPU
		{E52B7891-9140-41DB-9A67-928E63ACC4D9}.Debug|Mixed Platforms.Build.0 = Debug|Any CPU
		{E52B7891-9140-41DB-9A67-928E63ACC4D9}.Debug|x86.ActiveCfg = Debug|Any CPU
		{E52B7891-9140-41DB-9A67-928E63ACC4D9}.Release|Any CPU.ActiveCfg = Release|Any CPU
		{E52B7891-9140-41DB-9A67-928E63ACC4D9}.Release|Any CPU.Build.0 = Release|Any CPU
		{E52B7891-9140-41DB-9A67-928E63ACC4D9}.Release|Mixed Platforms.ActiveCfg = Release|Any CPU
		{E52B7891-9140-41DB-9A67-928E63ACC4D9}.Release|Mixed Platforms.Build.0 = Release|Any CPU
		{E52B7891-9140-41DB-9A67-928E63ACC4D9}.Release|x86.ActiveCfg = Release|Any CPU
		{EC6478AA-6549-4CE3-BF4C-6044E40F6950}.Debug|Any CPU.ActiveCfg = Debug|x86
		{EC6478AA-6549-4CE3-BF4C-6044E40F6950}.Debug|Mixed Platforms.ActiveCfg = Debug|x86
		{EC6478AA-6549-4CE3-BF4C-6044E40F6950}.Debug|Mixed Platforms.Build.0 = Debug|x86
		{EC6478AA-6549-4CE3-BF4C-6044E40F6950}.Debug|x86.ActiveCfg = Debug|x86
		{EC6478AA-6549-4CE3-BF4C-6044E40F6950}.Debug|x86.Build.0 = Debug|x86
		{EC6478AA-6549-4CE3-BF4C-6044E40F6950}.Release|Any CPU.ActiveCfg = Release|x86
		{EC6478AA-6549-4CE3-BF4C-6044E40F6950}.Release|Mixed Platforms.ActiveCfg = Release|x86
		{EC6478AA-6549-4CE3-BF4C-6044E40F6950}.Release|Mixed Platforms.Build.0 = Release|x86
		{EC6478AA-6549-4CE3-BF4C-6044E40F6950}.Release|x86.ActiveCfg = Release|x86
		{EC6478AA-6549-4CE3-BF4C-6044E40F6950}.Release|x86.Build.0 = Release|x86
	EndGlobalSection
	GlobalSection(SolutionProperties) = preSolution
		HideSolutionNode = FALSE
	EndGlobalSection
EndGlobal
